
Microsoft Visual Studio Solution File, Format Version 12.00
# Visual Studio 15
VisualStudioVersion = 15.0.28010.2026
MinimumVisualStudioVersion = 10.0.40219.1
Project("{FAE04EC0-301F-11D3-BF4B-00C04F79EFBC}") = "EasySupply", "EasySupply\EasySupply.csproj", "{1F226AC2-FD89-4DFD-881B-AC1C0DBA2CBA}"
EndProject
Global
	GlobalSection(SolutionConfigurationPlatforms) = preSolution
		Debug|x86 = Debug|x86
		Release|x86 = Release|x86
	EndGlobalSection
	GlobalSection(ProjectConfigurationPlatforms) = postSolution
		{1F226AC2-FD89-4DFD-881B-AC1C0DBA2CBA}.Debug|x86.ActiveCfg = Debug|x86
		{1F226AC2-FD89-4DFD-881B-AC1C0DBA2CBA}.Debug|x86.Build.0 = Debug|x86
		{1F226AC2-FD89-4DFD-881B-AC1C0DBA2CBA}.Release|x86.ActiveCfg = Release|x86
		{1F226AC2-FD89-4DFD-881B-AC1C0DBA2CBA}.Release|x86.Build.0 = Release|x86
	EndGlobalSection
	GlobalSection(SolutionProperties) = preSolution
		HideSolutionNode = FALSE
	EndGlobalSection
	GlobalSection(ExtensibilityGlobals) = postSolution
		SolutionGuid = {B1A6FCC4-77DC-4687-9052-61C081073DE1}
	EndGlobalSection
EndGlobal
